
Microsoft Visual Studio Solution File, Format Version 12.00
# Visual Studio Version 17
VisualStudioVersion = 17.0.31903.59
MinimumVisualStudioVersion = 10.0.40219.1
Project("{FAE04EC0-301F-11D3-BF4B-00C04F79EFBC}") = "Butterbot2", "Butterbot2\Butterbot2.csproj", "{086FE99F-C1CA-4DF2-B980-FB8F1572DD4B}"
EndProject
Global
	GlobalSection(SolutionConfigurationPlatforms) = preSolution
		Debug|Any CPU = Debug|Any CPU
		Release|Any CPU = Release|Any CPU
	EndGlobalSection
	GlobalSection(SolutionProperties) = preSolution
		HideSolutionNode = FALSE
	EndGlobalSection
	GlobalSection(ProjectConfigurationPlatforms) = postSolution
		{086FE99F-C1CA-4DF2-B980-FB8F1572DD4B}.Debug|Any CPU.ActiveCfg = Debug|Any CPU
		{086FE99F-C1CA-4DF2-B980-FB8F1572DD4B}.Debug|Any CPU.Build.0 = Debug|Any CPU
		{086FE99F-C1CA-4DF2-B980-FB8F1572DD4B}.Release|Any CPU.ActiveCfg = Release|Any CPU
		{086FE99F-C1CA-4DF2-B980-FB8F1572DD4B}.Release|Any CPU.Build.0 = Release|Any CPU
	EndGlobalSection
EndGlobal
